# This file is automatically @generated by Poetry 1.8.4 and should not be changed by hand.

[[package]]
name = "base58"
version = "2.1.1"
description = "Base58 and Base58Check implementation."
optional = false
python-versions = ">=3.5"
files = [
    {file = "base58-2.1.1-py3-none-any.whl", hash = "sha256:11a36f4d3ce51dfc1043f3218591ac4eb1ceb172919cebe05b52a5bcc8d245c2"},
    {file = "base58-2.1.1.tar.gz", hash = "sha256:c5d0cb3f5b6e81e8e35da5754388ddcc6d0d14b6c6a132cb93d69ed580a7278c"},
]

[package.extras]
tests = ["PyHamcrest (>=2.0.2)", "mypy", "pytest (>=4.6)", "pytest-benchmark", "pytest-cov", "pytest-flake8"]

[[package]]
name = "dataclasses"
version = "0.6"
description = "A backport of the dataclasses module for Python 3.6"
optional = false
python-versions = "*"
files = [
    {file = "dataclasses-0.6-py3-none-any.whl", hash = "sha256:454a69d788c7fda44efd71e259be79577822f5e3f53f029a22d08004e951dc9f"},
    {file = "dataclasses-0.6.tar.gz", hash = "sha256:6988bd2b895eef432d562370bb707d540f32f7360ab13da45340101bc2307d84"},
]

[[package]]
name = "jsonalias"
version = "0.1.1"
description = "A microlibrary that defines a Json type alias for Python."
optional = false
python-versions = ">=3.7,<4.0"
files = [
    {file = "jsonalias-0.1.1-py3-none-any.whl", hash = "sha256:a56d2888e6397812c606156504e861e8ec00e188005af149f003c787db3d3f18"},
    {file = "jsonalias-0.1.1.tar.gz", hash = "sha256:64f04d935397d579fc94509e1fcb6212f2d081235d9d6395bd10baedf760a769"},
]

[[package]]
name = "solders"
version = "0.23.0"
description = "Python bindings for Solana Rust tools"
optional = false
python-versions = ">=3.7"
files = [
    {file = "solders-0.23.0-cp37-abi3-macosx_10_12_x86_64.macosx_11_0_arm64.macosx_10_12_universal2.whl", hash = "sha256:87c2865f4f634abf56cc3fe9cfea985ddd0a09097d01b7716ed83ff6ef2ad1c6"},
    {file = "solders-0.23.0-cp37-abi3-manylinux_2_17_armv7l.manylinux2014_armv7l.whl", hash = "sha256:183fdc05ed0d6004d24bef17c01794a17be4a90f71c31429207bf33ec2e7738d"},
    {file = "solders-0.23.0-cp37-abi3-manylinux_2_17_x86_64.manylinux2014_x86_64.whl", hash = "sha256:b1ba84ec23fc7af821dc7e5b48a6d247ae36b86457f930cbc64afa79587e4caf"},
    {file = "solders-0.23.0-cp37-abi3-manylinux_2_28_aarch64.whl", hash = "sha256:37d097f4a3e55e8870b9a81e7675834aa9b516e956c8b0c18adcac742573378c"},
    {file = "solders-0.23.0-cp37-abi3-manylinux_2_5_i686.manylinux1_i686.whl", hash = "sha256:6319929399fdd04d10c5cebbd76993e58d92ade05febec5a488eed7810aae270"},
    {file = "solders-0.23.0-cp37-abi3-musllinux_1_2_i686.whl", hash = "sha256:67514b6dc2ecec9e15198e70eac329eac7b191f0f063c6ab80748b9ff921c3d5"},
    {file = "solders-0.23.0-cp37-abi3-musllinux_1_2_x86_64.whl", hash = "sha256:9cb2360a47f3f4772903dfb3314ec57b637f7fc8ac30690fec28d48e16edacf4"},
    {file = "solders-0.23.0-cp37-abi3-win_amd64.whl", hash = "sha256:2976f6589a5a0a45600aee83b34312ad0d96ea03f8d358493143fc01223997c3"},
    {file = "solders-0.23.0.tar.gz", hash = "sha256:f25e8908cca40a766a99dee1aa983fb7816949201b40ec927d0802debd3ec0e4"},
]

[package.dependencies]
jsonalias = "0.1.1"
typing-extensions = ">=4.2.0"

[[package]]
name = "typing"
version = "3.7.4.3"
description = "Type Hints for Python"
optional = false
python-versions = ">=2.7, !=3.0.*, !=3.1.*, !=3.2.*, !=3.3.*"
files = [
    {file = "typing-3.7.4.3-py2-none-any.whl", hash = "sha256:283d868f5071ab9ad873e5e52268d611e851c870a2ba354193026f2dfb29d8b5"},
    {file = "typing-3.7.4.3.tar.gz", hash = "sha256:1187fb9c82fd670d10aa07bbb6cfcfe4bdda42d6fab8d5134f04e8c4d0b71cc9"},
]

[[package]]
name = "typing-extensions"
version = "4.12.2"
description = "Backported and Experimental Type Hints for Python 3.8+"
optional = false
python-versions = ">=3.8"
files = [
    {file = "typing_extensions-4.12.2-py3-none-any.whl", hash = "sha256:04e5ca0351e0f3f85c6853954072df659d0d13fac324d0072316b67d7794700d"},
    {file = "typing_extensions-4.12.2.tar.gz", hash = "sha256:1a7ead55c7e559dd4dee8856e3a88b41225abfe1ce8df57b7c13915fe121ffb8"},
]

[metadata]
lock-version = "2.0"
python-versions = "^3.8"
content-hash = "1416e7a792a82a50ce91b4e737bcd3e2eae505dade515304ba43ea71238afbf0"
